
Microsoft Visual Studio Solution File, Format Version 12.00
# Visual Studio Version 16
VisualStudioVersion = 16.0.29920.165
MinimumVisualStudioVersion = 10.0.40219.1
Project("{FAE04EC0-301F-11D3-BF4B-00C04F79EFBC}") = "mpRotAtt", "mpRotAtt\mpRotAtt.csproj", "{BC235E66-A800-453C-B34B-AA58443CB1C4}"
EndProject
Project("{9A19103F-16F7-4668-BE54-9A1E7A4F7556}") = "_build", "build\_build.csproj", "{2705833F-C025-4C88-964C-BCA0E3B51348}"
EndProject
Global
	GlobalSection(SolutionConfigurationPlatforms) = preSolution
		A2013|x64 = A2013|x64
		A2014|x64 = A2014|x64
		A2015|x64 = A2015|x64
		A2016|x64 = A2016|x64
		A2017|x64 = A2017|x64
		A2018|x64 = A2018|x64
		A2019|x64 = A2019|x64
		A2020|x64 = A2020|x64
		A2021|x64 = A2021|x64
		Debug|x64 = Debug|x64
	EndGlobalSection
	GlobalSection(ProjectConfigurationPlatforms) = postSolution
		{BC235E66-A800-453C-B34B-AA58443CB1C4}.A2013|x64.ActiveCfg = A2013|x64
		{BC235E66-A800-453C-B34B-AA58443CB1C4}.A2013|x64.Build.0 = A2013|x64
		{BC235E66-A800-453C-B34B-AA58443CB1C4}.A2014|x64.ActiveCfg = A2014|x64
		{BC235E66-A800-453C-B34B-AA58443CB1C4}.A2014|x64.Build.0 = A2014|x64
		{BC235E66-A800-453C-B34B-AA58443CB1C4}.A2015|x64.ActiveCfg = A2015|x64
		{BC235E66-A800-453C-B34B-AA58443CB1C4}.A2015|x64.Build.0 = A2015|x64
		{BC235E66-A800-453C-B34B-AA58443CB1C4}.A2016|x64.ActiveCfg = A2016|x64
		{BC235E66-A800-453C-B34B-AA58443CB1C4}.A2016|x64.Build.0 = A2016|x64
		{BC235E66-A800-453C-B34B-AA58443CB1C4}.A2017|x64.ActiveCfg = A2017|x64
		{BC235E66-A800-453C-B34B-AA58443CB1C4}.A2017|x64.Build.0 = A2017|x64
		{BC235E66-A800-453C-B34B-AA58443CB1C4}.A2018|x64.ActiveCfg = A2018|x64
		{BC235E66-A800-453C-B34B-AA58443CB1C4}.A2018|x64.Build.0 = A2018|x64
		{BC235E66-A800-453C-B34B-AA58443CB1C4}.A2019|x64.ActiveCfg = A2019|x64
		{BC235E66-A800-453C-B34B-AA58443CB1C4}.A2019|x64.Build.0 = A2019|x64
		{BC235E66-A800-453C-B34B-AA58443CB1C4}.A2020|x64.ActiveCfg = A2020|x64
		{BC235E66-A800-453C-B34B-AA58443CB1C4}.A2020|x64.Build.0 = A2020|x64
		{BC235E66-A800-453C-B34B-AA58443CB1C4}.A2021|x64.ActiveCfg = A2021|x64
		{BC235E66-A800-453C-B34B-AA58443CB1C4}.A2021|x64.Build.0 = A2021|x64
		{BC235E66-A800-453C-B34B-AA58443CB1C4}.Debug|x64.ActiveCfg = Debug|x64
		{BC235E66-A800-453C-B34B-AA58443CB1C4}.Debug|x64.Build.0 = Debug|x64
		{2705833F-C025-4C88-964C-BCA0E3B51348}.A2013|x64.ActiveCfg = Debug|Any CPU
		{2705833F-C025-4C88-964C-BCA0E3B51348}.A2013|x64.Build.0 = Debug|Any CPU
		{2705833F-C025-4C88-964C-BCA0E3B51348}.A2014|x64.ActiveCfg = Debug|Any CPU
		{2705833F-C025-4C88-964C-BCA0E3B51348}.A2014|x64.Build.0 = Debug|Any CPU
		{2705833F-C025-4C88-964C-BCA0E3B51348}.A2015|x64.ActiveCfg = Debug|Any CPU
		{2705833F-C025-4C88-964C-BCA0E3B51348}.A2015|x64.Build.0 = Debug|Any CPU
		{2705833F-C025-4C88-964C-BCA0E3B51348}.A2016|x64.ActiveCfg = Debug|Any CPU
		{2705833F-C025-4C88-964C-BCA0E3B51348}.A2016|x64.Build.0 = Debug|Any CPU
		{2705833F-C025-4C88-964C-BCA0E3B51348}.A2017|x64.ActiveCfg = Debug|Any CPU
		{2705833F-C025-4C88-964C-BCA0E3B51348}.A2017|x64.Build.0 = Debug|Any CPU
		{2705833F-C025-4C88-964C-BCA0E3B51348}.A2018|x64.ActiveCfg = Debug|Any CPU
		{2705833F-C025-4C88-964C-BCA0E3B51348}.A2018|x64.Build.0 = Debug|Any CPU
		{2705833F-C025-4C88-964C-BCA0E3B51348}.A2019|x64.ActiveCfg = Debug|Any CPU
		{2705833F-C025-4C88-964C-BCA0E3B51348}.A2019|x64.Build.0 = Debug|Any CPU
		{2705833F-C025-4C88-964C-BCA0E3B51348}.A2020|x64.ActiveCfg = Debug|Any CPU
		{2705833F-C025-4C88-964C-BCA0E3B51348}.A2020|x64.Build.0 = Debug|Any CPU
		{2705833F-C025-4C88-964C-BCA0E3B51348}.A2021|x64.ActiveCfg = Debug|Any CPU
		{2705833F-C025-4C88-964C-BCA0E3B51348}.A2021|x64.Build.0 = Debug|Any CPU
		{2705833F-C025-4C88-964C-BCA0E3B51348}.Debug|x64.ActiveCfg = Debug|Any CPU
		{2705833F-C025-4C88-964C-BCA0E3B51348}.Debug|x64.Build.0 = Debug|Any CPU
	EndGlobalSection
	GlobalSection(SolutionProperties) = preSolution
		HideSolutionNode = FALSE
	EndGlobalSection
	GlobalSection(ExtensibilityGlobals) = postSolution
		SolutionGuid = {AD2AC852-4918-4CD2-85B5-C933D4FB5E26}
	EndGlobalSection
EndGlobal
